
Microsoft Visual Studio Solution File, Format Version 12.00
# Visual Studio Version 17
VisualStudioVersion = 17.3.32929.385
MinimumVisualStudioVersion = 10.0.40219.1
Project("{9A19103F-16F7-4668-BE54-9A1E7A4F7556}") = "App1", "App1\App1.csproj", "{1A6A90B3-9DCB-441E-9EA4-011A7CB37126}"
EndProject
Project("{9A19103F-16F7-4668-BE54-9A1E7A4F7556}") = "App1.Contracts", "App1.Contracts\App1.Contracts.csproj", "{D6005DE8-1EF1-4E41-B044-6091107E4DB6}"
EndProject
Project("{9A19103F-16F7-4668-BE54-9A1E7A4F7556}") = "App1.Mediators", "App1.Mediators\App1.Mediators.csproj", "{7DDC0510-BB12-4AE8-BF41-7E2A7AB014E7}"
EndProject
Project("{9A19103F-16F7-4668-BE54-9A1E7A4F7556}") = "App1.Data", "App1.Data\App1.Data.csproj", "{98EF3F8B-D2B4-4B36-AA52-55DE0B303ABC}"
EndProject
Project("{9A19103F-16F7-4668-BE54-9A1E7A4F7556}") = "App1.Model", "App1.Model\App1.Model.csproj", "{649DD410-708C-4822-9E48-FF7FA6061C49}"
EndProject
Project("{9A19103F-16F7-4668-BE54-9A1E7A4F7556}") = "WorkloadsApi", "WorkloadsApi\WorkloadsApi.csproj", "{8B764D45-02F1-4E98-B174-EBC89FF35BC6}"
EndProject
Project("{2150E333-8FDC-42A3-9474-1A3956D46DE8}") = "Solution Items", "Solution Items", "{D53D93A8-6E87-4EC7-A722-69F8A7AE023D}"
	ProjectSection(SolutionItems) = preProject
		AzureLogin.ps1 = AzureLogin.ps1
		SetupKeyVault.ps1 = SetupKeyVault.ps1
		SetupSql.ps1 = SetupSql.ps1
		SetupWebApi.ps1 = SetupWebApi.ps1
	EndProjectSection
EndProject
Global
	GlobalSection(SolutionConfigurationPlatforms) = preSolution
		Debug|Any CPU = Debug|Any CPU
		Release|Any CPU = Release|Any CPU
	EndGlobalSection
	GlobalSection(ProjectConfigurationPlatforms) = postSolution
		{1A6A90B3-9DCB-441E-9EA4-011A7CB37126}.Debug|Any CPU.ActiveCfg = Debug|Any CPU
		{1A6A90B3-9DCB-441E-9EA4-011A7CB37126}.Debug|Any CPU.Build.0 = Debug|Any CPU
		{1A6A90B3-9DCB-441E-9EA4-011A7CB37126}.Release|Any CPU.ActiveCfg = Release|Any CPU
		{1A6A90B3-9DCB-441E-9EA4-011A7CB37126}.Release|Any CPU.Build.0 = Release|Any CPU
		{D6005DE8-1EF1-4E41-B044-6091107E4DB6}.Debug|Any CPU.ActiveCfg = Debug|Any CPU
		{D6005DE8-1EF1-4E41-B044-6091107E4DB6}.Debug|Any CPU.Build.0 = Debug|Any CPU
		{D6005DE8-1EF1-4E41-B044-6091107E4DB6}.Release|Any CPU.ActiveCfg = Release|Any CPU
		{D6005DE8-1EF1-4E41-B044-6091107E4DB6}.Release|Any CPU.Build.0 = Release|Any CPU
		{7DDC0510-BB12-4AE8-BF41-7E2A7AB014E7}.Debug|Any CPU.ActiveCfg = Debug|Any CPU
		{7DDC0510-BB12-4AE8-BF41-7E2A7AB014E7}.Debug|Any CPU.Build.0 = Debug|Any CPU
		{7DDC0510-BB12-4AE8-BF41-7E2A7AB014E7}.Release|Any CPU.ActiveCfg = Release|Any CPU
		{7DDC0510-BB12-4AE8-BF41-7E2A7AB014E7}.Release|Any CPU.Build.0 = Release|Any CPU
		{98EF3F8B-D2B4-4B36-AA52-55DE0B303ABC}.Debug|Any CPU.ActiveCfg = Debug|Any CPU
		{98EF3F8B-D2B4-4B36-AA52-55DE0B303ABC}.Debug|Any CPU.Build.0 = Debug|Any CPU
		{98EF3F8B-D2B4-4B36-AA52-55DE0B303ABC}.Release|Any CPU.ActiveCfg = Release|Any CPU
		{98EF3F8B-D2B4-4B36-AA52-55DE0B303ABC}.Release|Any CPU.Build.0 = Release|Any CPU
		{649DD410-708C-4822-9E48-FF7FA6061C49}.Debug|Any CPU.ActiveCfg = Debug|Any CPU
		{649DD410-708C-4822-9E48-FF7FA6061C49}.Debug|Any CPU.Build.0 = Debug|Any CPU
		{649DD410-708C-4822-9E48-FF7FA6061C49}.Release|Any CPU.ActiveCfg = Release|Any CPU
		{649DD410-708C-4822-9E48-FF7FA6061C49}.Release|Any CPU.Build.0 = Release|Any CPU
		{8B764D45-02F1-4E98-B174-EBC89FF35BC6}.Debug|Any CPU.ActiveCfg = Debug|Any CPU
		{8B764D45-02F1-4E98-B174-EBC89FF35BC6}.Debug|Any CPU.Build.0 = Debug|Any CPU
		{8B764D45-02F1-4E98-B174-EBC89FF35BC6}.Release|Any CPU.ActiveCfg = Release|Any CPU
		{8B764D45-02F1-4E98-B174-EBC89FF35BC6}.Release|Any CPU.Build.0 = Release|Any CPU
	EndGlobalSection
	GlobalSection(SolutionProperties) = preSolution
		HideSolutionNode = FALSE
	EndGlobalSection
	GlobalSection(ExtensibilityGlobals) = postSolution
		SolutionGuid = {9E1A4A00-867D-49D0-A8CE-E710DE10F197}
	EndGlobalSection
EndGlobal
